
Microsoft Visual Studio Solution File, Format Version 12.00
# Visual Studio Version 17
VisualStudioVersion = 17.1.32319.34
MinimumVisualStudioVersion = 10.0.40219.1
Project("{FAE04EC0-301F-11D3-BF4B-00C04F79EFBC}") = "Business", "Business\Business.csproj", "{D4D7BD1E-8FCC-451F-BEF5-42634A18FE2A}"
EndProject
Project("{FAE04EC0-301F-11D3-BF4B-00C04F79EFBC}") = "DataAccess", "DataAccess\DataAccess.csproj", "{909BB866-BE83-4533-8C8F-EDC6DC51B204}"
EndProject
Project("{FAE04EC0-301F-11D3-BF4B-00C04F79EFBC}") = "Entities", "Entities\Entities.csproj", "{FDA978A5-4279-4031-8CB5-C8DFCF8E017C}"
EndProject
Project("{FAE04EC0-301F-11D3-BF4B-00C04F79EFBC}") = "WebAPI", "WebAPI\WebAPI.csproj", "{3D49E367-222E-43C8-8675-CC34F8336C17}"
EndProject
Project("{FAE04EC0-301F-11D3-BF4B-00C04F79EFBC}") = "WebAPIWithWindowsForm", "WebAPIWithWindowsForm\WebAPIWithWindowsForm.csproj", "{5E5BEE3E-5351-404E-AE52-87F056BB0E93}"
EndProject
Project("{FAE04EC0-301F-11D3-BF4B-00C04F79EFBC}") = "WebAPIWithCoreMVC", "WebAPIWithCoreMVC\WebAPIWithCoreMVC.csproj", "{4FDCC437-9769-4125-96B7-C9D09C8F5A62}"
EndProject
Global
	GlobalSection(SolutionConfigurationPlatforms) = preSolution
		Debug|Any CPU = Debug|Any CPU
		Release|Any CPU = Release|Any CPU
	EndGlobalSection
	GlobalSection(ProjectConfigurationPlatforms) = postSolution
		{D4D7BD1E-8FCC-451F-BEF5-42634A18FE2A}.Debug|Any CPU.ActiveCfg = Debug|Any CPU
		{D4D7BD1E-8FCC-451F-BEF5-42634A18FE2A}.Debug|Any CPU.Build.0 = Debug|Any CPU
		{D4D7BD1E-8FCC-451F-BEF5-42634A18FE2A}.Release|Any CPU.ActiveCfg = Release|Any CPU
		{D4D7BD1E-8FCC-451F-BEF5-42634A18FE2A}.Release|Any CPU.Build.0 = Release|Any CPU
		{909BB866-BE83-4533-8C8F-EDC6DC51B204}.Debug|Any CPU.ActiveCfg = Debug|Any CPU
		{909BB866-BE83-4533-8C8F-EDC6DC51B204}.Debug|Any CPU.Build.0 = Debug|Any CPU
		{909BB866-BE83-4533-8C8F-EDC6DC51B204}.Release|Any CPU.ActiveCfg = Release|Any CPU
		{909BB866-BE83-4533-8C8F-EDC6DC51B204}.Release|Any CPU.Build.0 = Release|Any CPU
		{FDA978A5-4279-4031-8CB5-C8DFCF8E017C}.Debug|Any CPU.ActiveCfg = Debug|Any CPU
		{FDA978A5-4279-4031-8CB5-C8DFCF8E017C}.Debug|Any CPU.Build.0 = Debug|Any CPU
		{FDA978A5-4279-4031-8CB5-C8DFCF8E017C}.Release|Any CPU.ActiveCfg = Release|Any CPU
		{FDA978A5-4279-4031-8CB5-C8DFCF8E017C}.Release|Any CPU.Build.0 = Release|Any CPU
		{3D49E367-222E-43C8-8675-CC34F8336C17}.Debug|Any CPU.ActiveCfg = Debug|Any CPU
		{3D49E367-222E-43C8-8675-CC34F8336C17}.Debug|Any CPU.Build.0 = Debug|Any CPU
		{3D49E367-222E-43C8-8675-CC34F8336C17}.Release|Any CPU.ActiveCfg = Release|Any CPU
		{3D49E367-222E-43C8-8675-CC34F8336C17}.Release|Any CPU.Build.0 = Release|Any CPU
		{5E5BEE3E-5351-404E-AE52-87F056BB0E93}.Debug|Any CPU.ActiveCfg = Debug|Any CPU
		{5E5BEE3E-5351-404E-AE52-87F056BB0E93}.Debug|Any CPU.Build.0 = Debug|Any CPU
		{5E5BEE3E-5351-404E-AE52-87F056BB0E93}.Release|Any CPU.ActiveCfg = Release|Any CPU
		{5E5BEE3E-5351-404E-AE52-87F056BB0E93}.Release|Any CPU.Build.0 = Release|Any CPU
		{4FDCC437-9769-4125-96B7-C9D09C8F5A62}.Debug|Any CPU.ActiveCfg = Debug|Any CPU
		{4FDCC437-9769-4125-96B7-C9D09C8F5A62}.Debug|Any CPU.Build.0 = Debug|Any CPU
		{4FDCC437-9769-4125-96B7-C9D09C8F5A62}.Release|Any CPU.ActiveCfg = Release|Any CPU
		{4FDCC437-9769-4125-96B7-C9D09C8F5A62}.Release|Any CPU.Build.0 = Release|Any CPU
	EndGlobalSection
	GlobalSection(SolutionProperties) = preSolution
		HideSolutionNode = FALSE
	EndGlobalSection
	GlobalSection(ExtensibilityGlobals) = postSolution
		SolutionGuid = {7EF3C225-B435-4F9E-893B-8896F8A1A86C}
	EndGlobalSection
EndGlobal
